// !$*UTF8*$!
{
	archiveVersion = 1;
	classes = {
	};
	objectVersion = 46;
	objects = {

/* Begin PBXBuildFile section */
		FED1AF8B19BAE47300C32F8B /* Foundation.framework in Frameworks */ = {isa = PBXBuildFile; fileRef = FED1AF8A19BAE47300C32F8B /* Foundation.framework */; };
		FED1AF8D19BAE47300C32F8B /* CoreGraphics.framework in Frameworks */ = {isa = PBXBuildFile; fileRef = FED1AF8C19BAE47300C32F8B /* CoreGraphics.framework */; };
		FED1AF8F19BAE47300C32F8B /* UIKit.framework in Frameworks */ = {isa = PBXBuildFile; fileRef = FED1AF8E19BAE47300C32F8B /* UIKit.framework */; };
		FED1AF9519BAE47300C32F8B /* InfoPlist.strings in Resources */ = {isa = PBXBuildFile; fileRef = FED1AF9319BAE47300C32F8B /* InfoPlist.strings */; };
		FED1AF9719BAE47300C32F8B /* main.m in Sources */ = {isa = PBXBuildFile; fileRef = FED1AF9619BAE47300C32F8B /* main.m */; };
		FED1AF9B19BAE47300C32F8B /* RWAppDelegate.m in Sources */ = {isa = PBXBuildFile; fileRef = FED1AF9A19BAE47300C32F8B /* RWAppDelegate.m */; };
		FED1AF9E19BAE47300C32F8B /* Main.storyboard in Resources */ = {isa = PBXBuildFile; fileRef = FED1AF9C19BAE47300C32F8B /* Main.storyboard */; };
		FED1AFA119BAE47300C32F8B /* RWViewController.m in Sources */ = {isa = PBXBuildFile; fileRef = FED1AFA019BAE47300C32F8B /* RWViewController.m */; };
		FED1AFA319BAE47300C32F8B /* Images.xcassets in Resources */ = {isa = PBXBuildFile; fileRef = FED1AFA219BAE47300C32F8B /* Images.xcassets */; };
		FED1AFAA19BAE47300C32F8B /* XCTest.framework in Frameworks */ = {isa = PBXBuildFile; fileRef = FED1AFA919BAE47300C32F8B /* XCTest.framework */; };
		FED1AFAB19BAE47300C32F8B /* Foundation.framework in Frameworks */ = {isa = PBXBuildFile; fileRef = FED1AF8A19BAE47300C32F8B /* Foundation.framework */; };
		FED1AFAC19BAE47300C32F8B /* UIKit.framework in Frameworks */ = {isa = PBXBuildFile; fileRef = FED1AF8E19BAE47300C32F8B /* UIKit.framework */; };
		FED1AFB419BAE47300C32F8B /* InfoPlist.strings in Resources */ = {isa = PBXBuildFile; fileRef = FED1AFB219BAE47300C32F8B /* InfoPlist.strings */; };
		FED1AFB619BAE47300C32F8B /* BullsEyeTests.m in Sources */ = {isa = PBXBuildFile; fileRef = FED1AFB519BAE47300C32F8B /* BullsEyeTests.m */; };
		FED1AFC119BF6D8A00C32F8B /* AboutViewController.m in Sources */ = {isa = PBXBuildFile; fileRef = FED1AFC019BF6D8A00C32F8B /* AboutViewController.m */; };
		FED1AFC519BF863700C32F8B /* BullsEye.html in Resources */ = {isa = PBXBuildFile; fileRef = FED1AFC419BF863700C32F8B /* BullsEye.html */; };
/* End PBXBuildFile section */

/* Begin PBXContainerItemProxy section */
		FED1AFAD19BAE47300C32F8B /* PBXContainerItemProxy */ = {
			isa = PBXContainerItemProxy;
			containerPortal = FED1AF7F19BAE47200C32F8B /* Project object */;
			proxyType = 1;
			remoteGlobalIDString = FED1AF8619BAE47200C32F8B;
			remoteInfo = BullsEye;
		};
/* End PBXContainerItemProxy section */

/* Begin PBXFileReference section */
		FED1AF8719BAE47300C32F8B /* BullsEye.app */ = {isa = PBXFileReference; explicitFileType = wrapper.application; includeInIndex = 0; path = BullsEye.app; sourceTree = BUILT_PRODUCTS_DIR; };
		FED1AF8A19BAE47300C32F8B /* Foundation.framework */ = {isa = PBXFileReference; lastKnownFileType = wrapper.framework; name = Foundation.framework; path = System/Library/Frameworks/Foundation.framework; sourceTree = SDKROOT; };
		FED1AF8C19BAE47300C32F8B /* CoreGraphics.framework */ = {isa = PBXFileReference; lastKnownFileType = wrapper.framework; name = CoreGraphics.framework; path = System/Library/Frameworks/CoreGraphics.framework; sourceTree = SDKROOT; };
		FED1AF8E19BAE47300C32F8B /* UIKit.framework */ = {isa = PBXFileReference; lastKnownFileType = wrapper.framework; name = UIKit.framework; path = System/Library/Frameworks/UIKit.framework; sourceTree = SDKROOT; };
		FED1AF9219BAE47300C32F8B /* BullsEye-Info.plist */ = {isa = PBXFileReference; lastKnownFileType = text.plist.xml; path = "BullsEye-Info.plist"; sourceTree = "<group>"; };
		FED1AF9419BAE47300C32F8B /* en */ = {isa = PBXFileReference; lastKnownFileType = text.plist.strings; name = en; path = en.lproj/InfoPlist.strings; sourceTree = "<group>"; };
		FED1AF9619BAE47300C32F8B /* main.m */ = {isa = PBXFileReference; lastKnownFileType = sourcecode.c.objc; path = main.m; sourceTree = "<group>"; };
		FED1AF9819BAE47300C32F8B /* BullsEye-Prefix.pch */ = {isa = PBXFileReference; lastKnownFileType = sourcecode.c.h; path = "BullsEye-Prefix.pch"; sourceTree = "<group>"; };
		FED1AF9919BAE47300C32F8B /* RWAppDelegate.h */ = {isa = PBXFileReference; lastKnownFileType = sourcecode.c.h; path = RWAppDelegate.h; sourceTree = "<group>"; };
		FED1AF9A19BAE47300C32F8B /* RWAppDelegate.m */ = {isa = PBXFileReference; lastKnownFileType = sourcecode.c.objc; path = RWAppDelegate.m; sourceTree = "<group>"; };
		FED1AF9D19BAE47300C32F8B /* Base */ = {isa = PBXFileReference; lastKnownFileType = file.storyboard; name = Base; path = Base.lproj/Main.storyboard; sourceTree = "<group>"; };
		FED1AF9F19BAE47300C32F8B /* RWViewController.h */ = {isa = PBXFileReference; lastKnownFileType = sourcecode.c.h; path = RWViewController.h; sourceTree = "<group>"; };
		FED1AFA019BAE47300C32F8B /* RWViewController.m */ = {isa = PBXFileReference; lastKnownFileType = sourcecode.c.objc; path = RWViewController.m; sourceTree = "<group>"; };
		FED1AFA219BAE47300C32F8B /* Images.xcassets */ = {isa = PBXFileReference; lastKnownFileType = folder.assetcatalog; path = Images.xcassets; sourceTree = "<group>"; };
		FED1AFA819BAE47300C32F8B /* BullsEyeTests.xctest */ = {isa = PBXFileReference; explicitFileType = wrapper.cfbundle; includeInIndex = 0; path = BullsEyeTests.xctest; sourceTree = BUILT_PRODUCTS_DIR; };
		FED1AFA919BAE47300C32F8B /* XCTest.framework */ = {isa = PBXFileReference; lastKnownFileType = wrapper.framework; name = XCTest.framework; path = Library/Frameworks/XCTest.framework; sourceTree = DEVELOPER_DIR; };
		FED1AFB119BAE47300C32F8B /* BullsEyeTests-Info.plist */ = {isa = PBXFileReference; lastKnownFileType = text.plist.xml; path = "BullsEyeTests-Info.plist"; sourceTree = "<group>"; };
		FED1AFB319BAE47300C32F8B /* en */ = {isa = PBXFileReference; lastKnownFileType = text.plist.strings; name = en; path = en.lproj/InfoPlist.strings; sourceTree = "<group>"; };
		FED1AFB519BAE47300C32F8B /* BullsEyeTests.m */ = {isa = PBXFileReference; lastKnownFileType = sourcecode.c.objc; path = BullsEyeTests.m; sourceTree = "<group>"; };
		FED1AFBF19BF6D8900C32F8B /* AboutViewController.h */ = {isa = PBXFileReference; fileEncoding = 4; lastKnownFileType = sourcecode.c.h; path = AboutViewController.h; sourceTree = "<group>"; };
		FED1AFC019BF6D8A00C32F8B /* AboutViewController.m */ = {isa = PBXFileReference; fileEncoding = 4; lastKnownFileType = sourcecode.c.objc; path = AboutViewController.m; sourceTree = "<group>"; };
		FED1AFC419BF863700C32F8B /* BullsEye.html */ = {isa = PBXFileReference; fileEncoding = 4; lastKnownFileType = text.html; path = BullsEye.html; sourceTree = "<group>"; };
/* End PBXFileReference section */

/* Begin PBXFrameworksBuildPhase section */
		FED1AF8419BAE47200C32F8B /* Frameworks */ = {
			isa = PBXFrameworksBuildPhase;
			buildActionMask = 2147483647;
			files = (
				FED1AF8D19BAE47300C32F8B /* CoreGraphics.framework in Frameworks */,
				FED1AF8F19BAE47300C32F8B /* UIKit.framework in Frameworks */,
				FED1AF8B19BAE47300C32F8B /* Foundation.framework in Frameworks */,
			);
			runOnlyForDeploymentPostprocessing = 0;
		};
		FED1AFA519BAE47300C32F8B /* Frameworks */ = {
			isa = PBXFrameworksBuildPhase;
			buildActionMask = 2147483647;
			files = (
				FED1AFAA19BAE47300C32F8B /* XCTest.framework in Frameworks */,
				FED1AFAC19BAE47300C32F8B /* UIKit.framework in Frameworks */,
				FED1AFAB19BAE47300C32F8B /* Foundation.framework in Frameworks */,
			);
			runOnlyForDeploymentPostprocessing = 0;
		};
/* End PBXFrameworksBuildPhase section */

/* Begin PBXGroup section */
		FED1AF7E19BAE47200C32F8B = {
			isa = PBXGroup;
			children = (
				FED1AF9019BAE47300C32F8B /* BullsEye */,
				FED1AFAF19BAE47300C32F8B /* BullsEyeTests */,
				FED1AF8919BAE47300C32F8B /* Frameworks */,
				FED1AF8819BAE47300C32F8B /* Products */,
			);
			sourceTree = "<group>";
		};
		FED1AF8819BAE47300C32F8B /* Products */ = {
			isa = PBXGroup;
			children = (
				FED1AF8719BAE47300C32F8B /* BullsEye.app */,
				FED1AFA819BAE47300C32F8B /* BullsEyeTests.xctest */,
			);
			name = Products;
			sourceTree = "<group>";
		};
		FED1AF8919BAE47300C32F8B /* Frameworks */ = {
			isa = PBXGroup;
			children = (
				FED1AF8A19BAE47300C32F8B /* Foundation.framework */,
				FED1AF8C19BAE47300C32F8B /* CoreGraphics.framework */,
				FED1AF8E19BAE47300C32F8B /* UIKit.framework */,
				FED1AFA919BAE47300C32F8B /* XCTest.framework */,
			);
			name = Frameworks;
			sourceTree = "<group>";
		};
		FED1AF9019BAE47300C32F8B /* BullsEye */ = {
			isa = PBXGroup;
			children = (
				FED1AFC419BF863700C32F8B /* BullsEye.html */,
				FED1AF9919BAE47300C32F8B /* RWAppDelegate.h */,
				FED1AF9A19BAE47300C32F8B /* RWAppDelegate.m */,
				FED1AF9C19BAE47300C32F8B /* Main.storyboard */,
				FED1AF9F19BAE47300C32F8B /* RWViewController.h */,
				FED1AFA019BAE47300C32F8B /* RWViewController.m */,
				FED1AFBF19BF6D8900C32F8B /* AboutViewController.h */,
				FED1AFC019BF6D8A00C32F8B /* AboutViewController.m */,
				FED1AFA219BAE47300C32F8B /* Images.xcassets */,
				FED1AF9119BAE47300C32F8B /* Supporting Files */,
			);
			path = BullsEye;
			sourceTree = "<group>";
		};
		FED1AF9119BAE47300C32F8B /* Supporting Files */ = {
			isa = PBXGroup;
			children = (
				FED1AF9219BAE47300C32F8B /* BullsEye-Info.plist */,
				FED1AF9319BAE47300C32F8B /* InfoPlist.strings */,
				FED1AF9619BAE47300C32F8B /* main.m */,
				FED1AF9819BAE47300C32F8B /* BullsEye-Prefix.pch */,
			);
			name = "Supporting Files";
			sourceTree = "<group>";
		};
		FED1AFAF19BAE47300C32F8B /* BullsEyeTests */ = {
			isa = PBXGroup;
			children = (
				FED1AFB519BAE47300C32F8B /* BullsEyeTests.m */,
				FED1AFB019BAE47300C32F8B /* Supporting Files */,
			);
			path = BullsEyeTests;
			sourceTree = "<group>";
		};
		FED1AFB019BAE47300C32F8B /* Supporting Files */ = {
			isa = PBXGroup;
			children = (
				FED1AFB119BAE47300C32F8B /* BullsEyeTests-Info.plist */,
				FED1AFB219BAE47300C32F8B /* InfoPlist.strings */,
			);
			name = "Supporting Files";
			sourceTree = "<group>";
		};
/* End PBXGroup section */

/* Begin PBXNativeTarget section */
		FED1AF8619BAE47200C32F8B /* BullsEye */ = {
			isa = PBXNativeTarget;
			buildConfigurationList = FED1AFB919BAE47300C32F8B /* Build configuration list for PBXNativeTarget "BullsEye" */;
			buildPhases = (
				FED1AF8319BAE47200C32F8B /* Sources */,
				FED1AF8419BAE47200C32F8B /* Frameworks */,
				FED1AF8519BAE47200C32F8B /* Resources */,
			);
			buildRules = (
			);
			dependencies = (
			);
			name = BullsEye;
			productName = BullsEye;
			productReference = FED1AF8719BAE47300C32F8B /* BullsEye.app */;
			productType = "com.apple.product-type.application";
		};
		FED1AFA719BAE47300C32F8B /* BullsEyeTests */ = {
			isa = PBXNativeTarget;
			buildConfigurationList = FED1AFBC19BAE47300C32F8B /* Build configuration list for PBXNativeTarget "BullsEyeTests" */;
			buildPhases = (
				FED1AFA419BAE47300C32F8B /* Sources */,
				FED1AFA519BAE47300C32F8B /* Frameworks */,
				FED1AFA619BAE47300C32F8B /* Resources */,
			);
			buildRules = (
			);
			dependencies = (
				FED1AFAE19BAE47300C32F8B /* PBXTargetDependency */,
			);
			name = BullsEyeTests;
			productName = BullsEyeTests;
			productReference = FED1AFA819BAE47300C32F8B /* BullsEyeTests.xctest */;
			productType = "com.apple.product-type.bundle.unit-test";
		};
/* End PBXNativeTarget section */

/* Begin PBXProject section */
		FED1AF7F19BAE47200C32F8B /* Project object */ = {
			isa = PBXProject;
			attributes = {
				CLASSPREFIX = RW;
				LastUpgradeCheck = 0510;
				ORGANIZATIONNAME = "Rachel Wilson";
				TargetAttributes = {
					FED1AFA719BAE47300C32F8B = {
						TestTargetID = FED1AF8619BAE47200C32F8B;
					};
				};
			};
			buildConfigurationList = FED1AF8219BAE47200C32F8B /* Build configuration list for PBXProject "BullsEye" */;
			compatibilityVersion = "Xcode 3.2";
			developmentRegion = English;
			hasScannedForEncodings = 0;
			knownRegions = (
				en,
				Base,
			);
			mainGroup = FED1AF7E19BAE47200C32F8B;
			productRefGroup = FED1AF8819BAE47300C32F8B /* Products */;
			projectDirPath = "";
			projectRoot = "";
			targets = (
				FED1AF8619BAE47200C32F8B /* BullsEye */,
				FED1AFA719BAE47300C32F8B /* BullsEyeTests */,
			);
		};
/* End PBXProject section */

/* Begin PBXResourcesBuildPhase section */
		FED1AF8519BAE47200C32F8B /* Resources */ = {
			isa = PBXResourcesBuildPhase;
			buildActionMask = 2147483647;
			files = (
				FED1AFA319BAE47300C32F8B /* Images.xcassets in Resources */,
				FED1AFC519BF863700C32F8B /* BullsEye.html in Resources */,
				FED1AF9519BAE47300C32F8B /* InfoPlist.strings in Resources */,
				FED1AF9E19BAE47300C32F8B /* Main.storyboard in Resources */,
			);
			runOnlyForDeploymentPostprocessing = 0;
		};
		FED1AFA619BAE47300C32F8B /* Resources */ = {
			isa = PBXResourcesBuildPhase;
			buildActionMask = 2147483647;
			files = (
				FED1AFB419BAE47300C32F8B /* InfoPlist.strings in Resources */,
			);
			runOnlyForDeploymentPostprocessing = 0;
		};
/* End PBXResourcesBuildPhase section */

/* Begin PBXSourcesBuildPhase section */
		FED1AF8319BAE47200C32F8B /* Sources */ = {
			isa = PBXSourcesBuildPhase;
			buildActionMask = 2147483647;
			files = (
				FED1AF9719BAE47300C32F8B /* main.m in Sources */,
				FED1AFA119BAE47300C32F8B /* RWViewController.m in Sources */,
				FED1AFC119BF6D8A00C32F8B /* AboutViewController.m in Sources */,
				FED1AF9B19BAE47300C32F8B /* RWAppDelegate.m in Sources */,
			);
			runOnlyForDeploymentPostprocessing = 0;
		};
		FED1AFA419BAE47300C32F8B /* Sources */ = {
			isa = PBXSourcesBuildPhase;
			buildActionMask = 2147483647;
			files = (
				FED1AFB619BAE47300C32F8B /* BullsEyeTests.m in Sources */,
			);
			runOnlyForDeploymentPostprocessing = 0;
		};
/* End PBXSourcesBuildPhase section */

/* Begin PBXTargetDependency section */
		FED1AFAE19BAE47300C32F8B /* PBXTargetDependency */ = {
			isa = PBXTargetDependency;
			target = FED1AF8619BAE47200C32F8B /* BullsEye */;
			targetProxy = FED1AFAD19BAE47300C32F8B /* PBXContainerItemProxy */;
		};
/* End PBXTargetDependency section */

/* Begin PBXVariantGroup section */
		FED1AF9319BAE47300C32F8B /* InfoPlist.strings */ = {
			isa = PBXVariantGroup;
			children = (
				FED1AF9419BAE47300C32F8B /* en */,
			);
			name = InfoPlist.strings;
			sourceTree = "<group>";
		};
		FED1AF9C19BAE47300C32F8B /* Main.storyboard */ = {
			isa = PBXVariantGroup;
			children = (
				FED1AF9D19BAE47300C32F8B /* Base */,
			);
			name = Main.storyboard;
			sourceTree = "<group>";
		};
		FED1AFB219BAE47300C32F8B /* InfoPlist.strings */ = {
			isa = PBXVariantGroup;
			children = (
				FED1AFB319BAE47300C32F8B /* en */,
			);
			name = InfoPlist.strings;
			sourceTree = "<group>";
		};
/* End PBXVariantGroup section */

/* Begin XCBuildConfiguration section */
		FED1AFB719BAE47300C32F8B /* Debug */ = {
			isa = XCBuildConfiguration;
			buildSettings = {
				ALWAYS_SEARCH_USER_PATHS = NO;
				CLANG_CXX_LANGUAGE_STANDARD = "gnu++0x";
				CLANG_CXX_LIBRARY = "libc++";
				CLANG_ENABLE_MODULES = YES;
				CLANG_ENABLE_OBJC_ARC = YES;
				CLANG_WARN_BOOL_CONVERSION = YES;
				CLANG_WARN_CONSTANT_CONVERSION = YES;
				CLANG_WARN_DIRECT_OBJC_ISA_USAGE = YES_ERROR;
				CLANG_WARN_EMPTY_BODY = YES;
				CLANG_WARN_ENUM_CONVERSION = YES;
				CLANG_WARN_INT_CONVERSION = YES;
				CLANG_WARN_OBJC_ROOT_CLASS = YES_ERROR;
				CLANG_WARN__DUPLICATE_METHOD_MATCH = YES;
				"CODE_SIGN_IDENTITY[sdk=iphoneos*]" = "iPhone Developer";
				COPY_PHASE_STRIP = NO;
				GCC_C_LANGUAGE_STANDARD = gnu99;
				GCC_DYNAMIC_NO_PIC = NO;
				GCC_OPTIMIZATION_LEVEL = 0;
				GCC_PREPROCESSOR_DEFINITIONS = (
					"DEBUG=1",
					"$(inherited)",
				);
				GCC_SYMBOLS_PRIVATE_EXTERN = NO;
				GCC_WARN_64_TO_32_BIT_CONVERSION = YES;
				GCC_WARN_ABOUT_RETURN_TYPE = YES_ERROR;
				GCC_WARN_UNDECLARED_SELECTOR = YES;
				GCC_WARN_UNINITIALIZED_AUTOS = YES_AGGRESSIVE;
				GCC_WARN_UNUSED_FUNCTION = YES;
				GCC_WARN_UNUSED_VARIABLE = YES;
				IPHONEOS_DEPLOYMENT_TARGET = 7.1;
				ONLY_ACTIVE_ARCH = YES;
				SDKROOT = iphoneos;
			};
			name = Debug;
		};
		FED1AFB819BAE47300C32F8B /* Release */ = {
			isa = XCBuildConfiguration;
			buildSettings = {
				ALWAYS_SEARCH_USER_PATHS = NO;
				CLANG_CXX_LANGUAGE_STANDARD = "gnu++0x";
				CLANG_CXX_LIBRARY = "libc++";
				CLANG_ENABLE_MODULES = YES;
				CLANG_ENABLE_OBJC_ARC = YES;
				CLANG_WARN_BOOL_CONVERSION = YES;
				CLANG_WARN_CONSTANT_CONVERSION = YES;
				CLANG_WARN_DIRECT_OBJC_ISA_USAGE = YES_ERROR;
				CLANG_WARN_EMPTY_BODY = YES;
				CLANG_WARN_ENUM_CONVERSION = YES;
				CLANG_WARN_INT_CONVERSION = YES;
				CLANG_WARN_OBJC_ROOT_CLASS = YES_ERROR;
				CLANG_WARN__DUPLICATE_METHOD_MATCH = YES;
				"CODE_SIGN_IDENTITY[sdk=iphoneos*]" = "iPhone Developer";
				COPY_PHASE_STRIP = YES;
				ENABLE_NS_ASSERTIONS = NO;
				GCC_C_LANGUAGE_STANDARD = gnu99;
				GCC_WARN_64_TO_32_BIT_CONVERSION = YES;
				GCC_WARN_ABOUT_RETURN_TYPE = YES_ERROR;
				GCC_WARN_UNDECLARED_SELECTOR = YES;
				GCC_WARN_UNINITIALIZED_AUTOS = YES_AGGRESSIVE;
				GCC_WARN_UNUSED_FUNCTION = YES;
				GCC_WARN_UNUSED_VARIABLE = YES;
				IPHONEOS_DEPLOYMENT_TARGET = 7.1;
				SDKROOT = iphoneos;
				VALIDATE_PRODUCT = YES;
			};
			name = Release;
		};
		FED1AFBA19BAE47300C32F8B /* Debug */ = {
			isa = XCBuildConfiguration;
			buildSettings = {
				ASSETCATALOG_COMPILER_APPICON_NAME = AppIcon;
				ASSETCATALOG_COMPILER_LAUNCHIMAGE_NAME = LaunchImage;
				CODE_SIGN_IDENTITY = "iPhone Developer";
				GCC_PRECOMPILE_PREFIX_HEADER = YES;
				GCC_PREFIX_HEADER = "BullsEye/BullsEye-Prefix.pch";
				INFOPLIST_FILE = "BullsEye/BullsEye-Info.plist";
				IPHONEOS_DEPLOYMENT_TARGET = 7.1;
				PRODUCT_NAME = "$(TARGET_NAME)";
				WRAPPER_EXTENSION = app;
			};
			name = Debug;
		};
		FED1AFBB19BAE47300C32F8B /* Release */ = {
			isa = XCBuildConfiguration;
			buildSettings = {
				ASSETCATALOG_COMPILER_APPICON_NAME = AppIcon;
				ASSETCATALOG_COMPILER_LAUNCHIMAGE_NAME = LaunchImage;
				CODE_SIGN_IDENTITY = "iPhone Developer";
				GCC_PRECOMPILE_PREFIX_HEADER = YES;
				GCC_PREFIX_HEADER = "BullsEye/BullsEye-Prefix.pch";
				INFOPLIST_FILE = "BullsEye/BullsEye-Info.plist";
				IPHONEOS_DEPLOYMENT_TARGET = 7.1;
				PRODUCT_NAME = "$(TARGET_NAME)";
				WRAPPER_EXTENSION = app;
			};
			name = Release;
		};
		FED1AFBD19BAE47300C32F8B /* Debug */ = {
			isa = XCBuildConfiguration;
			buildSettings = {
				BUNDLE_LOADER = "$(BUILT_PRODUCTS_DIR)/BullsEye.app/BullsEye";
				FRAMEWORK_SEARCH_PATHS = (
					"$(SDKROOT)/Developer/Library/Frameworks",
					"$(inherited)",
					"$(DEVELOPER_FRAMEWORKS_DIR)",
				);
				GCC_PRECOMPILE_PREFIX_HEADER = YES;
				GCC_PREFIX_HEADER = "BullsEye/BullsEye-Prefix.pch";
				GCC_PREPROCESSOR_DEFINITIONS = (
					"DEBUG=1",
					"$(inherited)",
				);
				INFOPLIST_FILE = "BullsEyeTests/BullsEyeTests-Info.plist";
				PRODUCT_NAME = "$(TARGET_NAME)";
				TEST_HOST = "$(BUNDLE_LOADER)";
				WRAPPER_EXTENSION = xctest;
			};
			name = Debug;
		};
		FED1AFBE19BAE47300C32F8B /* Release */ = {
			isa = XCBuildConfiguration;
			buildSettings = {
				BUNDLE_LOADER = "$(BUILT_PRODUCTS_DIR)/BullsEye.app/BullsEye";
				FRAMEWORK_SEARCH_PATHS = (
					"$(SDKROOT)/Developer/Library/Frameworks",
					"$(inherited)",
					"$(DEVELOPER_FRAMEWORKS_DIR)",
				);
				GCC_PRECOMPILE_PREFIX_HEADER = YES;
				GCC_PREFIX_HEADER = "BullsEye/BullsEye-Prefix.pch";
				INFOPLIST_FILE = "BullsEyeTests/BullsEyeTests-Info.plist";
				PRODUCT_NAME = "$(TARGET_NAME)";
				TEST_HOST = "$(BUNDLE_LOADER)";
				WRAPPER_EXTENSION = xctest;
			};
			name = Release;
		};
/* End XCBuildConfiguration section */

/* Begin XCConfigurationList section */
		FED1AF8219BAE47200C32F8B /* Build configuration list for PBXProject "BullsEye" */ = {
			isa = XCConfigurationList;
			buildConfigurations = (
				FED1AFB719BAE47300C32F8B /* Debug */,
				FED1AFB819BAE47300C32F8B /* Release */,
			);
			defaultConfigurationIsVisible = 0;
			defaultConfigurationName = Release;
		};
		FED1AFB919BAE47300C32F8B /* Build configuration list for PBXNativeTarget "BullsEye" */ = {
			isa = XCConfigurationList;
			buildConfigurations = (
				FED1AFBA19BAE47300C32F8B /* Debug */,
				FED1AFBB19BAE47300C32F8B /* Release */,
			);
			defaultConfigurationIsVisible = 0;
		};
		FED1AFBC19BAE47300C32F8B /* Build configuration list for PBXNativeTarget "BullsEyeTests" */ = {
			isa = XCConfigurationList;
			buildConfigurations = (
				FED1AFBD19BAE47300C32F8B /* Debug */,
				FED1AFBE19BAE47300C32F8B /* Release */,
			);
			defaultConfigurationIsVisible = 0;
		};
/* End XCConfigurationList section */
	};
	rootObject = FED1AF7F19BAE47200C32F8B /* Project object */;
}
